
Microsoft Visual Studio Solution File, Format Version 12.00
# Visual Studio Version 17
VisualStudioVersion = 17.6.33829.357
MinimumVisualStudioVersion = 10.0.40219.1
Project("{FAE04EC0-301F-11D3-BF4B-00C04F79EFBC}") = "KitchenGenerator", "KitchenGenerator.csproj", "{CFB8DF2C-2327-40F1-9C6C-91A0EBAE7A6A}"
EndProject
Global
	GlobalSection(SolutionConfigurationPlatforms) = preSolution
		Debug|Any CPU = Debug|Any CPU
		Release|Any CPU = Release|Any CPU
	EndGlobalSection
	GlobalSection(ProjectConfigurationPlatforms) = postSolution
		{CFB8DF2C-2327-40F1-9C6C-91A0EBAE7A6A}.Debug|Any CPU.ActiveCfg = Debug|Any CPU
		{CFB8DF2C-2327-40F1-9C6C-91A0EBAE7A6A}.Debug|Any CPU.Build.0 = Debug|Any CPU
		{CFB8DF2C-2327-40F1-9C6C-91A0EBAE7A6A}.Release|Any CPU.ActiveCfg = Release|Any CPU
		{CFB8DF2C-2327-40F1-9C6C-91A0EBAE7A6A}.Release|Any CPU.Build.0 = Release|Any CPU
	EndGlobalSection
	GlobalSection(SolutionProperties) = preSolution
		HideSolutionNode = FALSE
	EndGlobalSection
	GlobalSection(ExtensibilityGlobals) = postSolution
		SolutionGuid = {DD6466B1-FC67-4ED1-9833-38F729F4A20E}
	EndGlobalSection
EndGlobal
